// !$*UTF8*$!
{
	archiveVersion = 1;
	classes = {
	};
	objectVersion = 56;
	objects = {

/* Begin PBXBuildFile section */
		D0747F2A2B5C3DC70047BA1E /* WebSocketEvent.swift in Sources */ = {isa = PBXBuildFile; fileRef = D0747F292B5C3DC70047BA1E /* WebSocketEvent.swift */; };
		D0747F2C2B5C40040047BA1E /* FoundationWebSocket.swift in Sources */ = {isa = PBXBuildFile; fileRef = D0747F2B2B5C40040047BA1E /* FoundationWebSocket.swift */; };
		D089F1A12B52F706000507A7 /* AppDelegate.swift in Sources */ = {isa = PBXBuildFile; fileRef = D089F1A02B52F706000507A7 /* AppDelegate.swift */; };
		D089F1A32B52F706000507A7 /* SceneDelegate.swift in Sources */ = {isa = PBXBuildFile; fileRef = D089F1A22B52F706000507A7 /* SceneDelegate.swift */; };
		D089F1A52B52F706000507A7 /* ViewController.swift in Sources */ = {isa = PBXBuildFile; fileRef = D089F1A42B52F706000507A7 /* ViewController.swift */; };
		D089F1A82B52F706000507A7 /* Main.storyboard in Resources */ = {isa = PBXBuildFile; fileRef = D089F1A62B52F706000507A7 /* Main.storyboard */; };
		D089F1AA2B52F707000507A7 /* Assets.xcassets in Resources */ = {isa = PBXBuildFile; fileRef = D089F1A92B52F707000507A7 /* Assets.xcassets */; };
		D089F1AD2B52F707000507A7 /* LaunchScreen.storyboard in Resources */ = {isa = PBXBuildFile; fileRef = D089F1AB2B52F707000507A7 /* LaunchScreen.storyboard */; };
		D089F1B82B52F707000507A7 /* Custom_NetWorkingTests.swift in Sources */ = {isa = PBXBuildFile; fileRef = D089F1B72B52F707000507A7 /* Custom_NetWorkingTests.swift */; };
		D089F1C22B52F708000507A7 /* Custom_NetWorkingUITests.swift in Sources */ = {isa = PBXBuildFile; fileRef = D089F1C12B52F708000507A7 /* Custom_NetWorkingUITests.swift */; };
		D089F1C42B52F708000507A7 /* Custom_NetWorkingUITestsLaunchTests.swift in Sources */ = {isa = PBXBuildFile; fileRef = D089F1C32B52F708000507A7 /* Custom_NetWorkingUITestsLaunchTests.swift */; };
		D089F1DD2B52FC06000507A7 /* DataSource.framework in Frameworks */ = {isa = PBXBuildFile; fileRef = D089F1D52B52FC06000507A7 /* DataSource.framework */; };
		D089F1E42B52FC07000507A7 /* DataSourceTests.swift in Sources */ = {isa = PBXBuildFile; fileRef = D089F1E32B52FC07000507A7 /* DataSourceTests.swift */; };
		D089F1E52B52FC07000507A7 /* DataSource.h in Headers */ = {isa = PBXBuildFile; fileRef = D089F1D72B52FC06000507A7 /* DataSource.h */; settings = {ATTRIBUTES = (Public, ); }; };
		D089F1E82B52FC07000507A7 /* DataSource.framework in Frameworks */ = {isa = PBXBuildFile; fileRef = D089F1D52B52FC06000507A7 /* DataSource.framework */; };
		D089F1E92B52FC07000507A7 /* DataSource.framework in Embed Frameworks */ = {isa = PBXBuildFile; fileRef = D089F1D52B52FC06000507A7 /* DataSource.framework */; settings = {ATTRIBUTES = (CodeSignOnCopy, RemoveHeadersOnCopy, ); }; };
		D089F1F32B52FCCC000507A7 /* HttpMethod.swift in Sources */ = {isa = PBXBuildFile; fileRef = D089F1F22B52FCCC000507A7 /* HttpMethod.swift */; };
		D089F1F52B5302D2000507A7 /* ApiServiceEndpoint.swift in Sources */ = {isa = PBXBuildFile; fileRef = D089F1F42B5302D2000507A7 /* ApiServiceEndpoint.swift */; };
		D089F1F72B5305B0000507A7 /* URLRequestBuilder.swift in Sources */ = {isa = PBXBuildFile; fileRef = D089F1F62B5305B0000507A7 /* URLRequestBuilder.swift */; };
		D089F1F92B53071B000507A7 /* ApiConst.swift in Sources */ = {isa = PBXBuildFile; fileRef = D089F1F82B53071B000507A7 /* ApiConst.swift */; };
		D089F1FB2B530CF0000507A7 /* Extension.swift in Sources */ = {isa = PBXBuildFile; fileRef = D089F1FA2B530CF0000507A7 /* Extension.swift */; };
		D089F1FD2B53134F000507A7 /* ApiRequestBuilder.swift in Sources */ = {isa = PBXBuildFile; fileRef = D089F1FC2B53134F000507A7 /* ApiRequestBuilder.swift */; };
		D089F2002B5315B1000507A7 /* HttpStatusCode.swift in Sources */ = {isa = PBXBuildFile; fileRef = D089F1FF2B5315B1000507A7 /* HttpStatusCode.swift */; };
		D089F2022B5316DC000507A7 /* HTTPResponse.swift in Sources */ = {isa = PBXBuildFile; fileRef = D089F2012B5316DC000507A7 /* HTTPResponse.swift */; };
		D089F2042B53174D000507A7 /* HttpResponseError.swift in Sources */ = {isa = PBXBuildFile; fileRef = D089F2032B53174D000507A7 /* HttpResponseError.swift */; };
		D089F2062B53179D000507A7 /* HttpClient.swift in Sources */ = {isa = PBXBuildFile; fileRef = D089F2052B53179D000507A7 /* HttpClient.swift */; };
		D089F2082B5317CC000507A7 /* CommonResponse.swift in Sources */ = {isa = PBXBuildFile; fileRef = D089F2072B5317CC000507A7 /* CommonResponse.swift */; };
		D089F20A2B531889000507A7 /* Cancellable.swift in Sources */ = {isa = PBXBuildFile; fileRef = D089F2092B531889000507A7 /* Cancellable.swift */; };
		D089F20D2B5324B2000507A7 /* RemoteDateSource.swift in Sources */ = {isa = PBXBuildFile; fileRef = D089F20C2B5324B2000507A7 /* RemoteDateSource.swift */; };
		D0F3A4E62B56D7FF00FA7EAB /* Repository.swift in Sources */ = {isa = PBXBuildFile; fileRef = D0F3A4E52B56D7FF00FA7EAB /* Repository.swift */; };
		D0F3A4E82B56D82D00FA7EAB /* WeatherDataSource.swift in Sources */ = {isa = PBXBuildFile; fileRef = D0F3A4E72B56D82D00FA7EAB /* WeatherDataSource.swift */; };
		D0F3A4EB2B56D8B800FA7EAB /* WeatherModel.swift in Sources */ = {isa = PBXBuildFile; fileRef = D0F3A4EA2B56D8B800FA7EAB /* WeatherModel.swift */; };
/* End PBXBuildFile section */

/* Begin PBXContainerItemProxy section */
		D089F1B42B52F707000507A7 /* PBXContainerItemProxy */ = {
			isa = PBXContainerItemProxy;
			containerPortal = D089F1952B52F706000507A7 /* Project object */;
			proxyType = 1;
			remoteGlobalIDString = D089F19C2B52F706000507A7;
			remoteInfo = "Custom-NetWorking";
		};
		D089F1BE2B52F708000507A7 /* PBXContainerItemProxy */ = {
			isa = PBXContainerItemProxy;
			containerPortal = D089F1952B52F706000507A7 /* Project object */;
			proxyType = 1;
			remoteGlobalIDString = D089F19C2B52F706000507A7;
			remoteInfo = "Custom-NetWorking";
		};
		D089F1DE2B52FC06000507A7 /* PBXContainerItemProxy */ = {
			isa = PBXContainerItemProxy;
			containerPortal = D089F1952B52F706000507A7 /* Project object */;
			proxyType = 1;
			remoteGlobalIDString = D089F1D42B52FC06000507A7;
			remoteInfo = DataSource;
		};
		D089F1E02B52FC07000507A7 /* PBXContainerItemProxy */ = {
			isa = PBXContainerItemProxy;
			containerPortal = D089F1952B52F706000507A7 /* Project object */;
			proxyType = 1;
			remoteGlobalIDString = D089F19C2B52F706000507A7;
			remoteInfo = "Custom-NetWorking";
		};
		D089F1E62B52FC07000507A7 /* PBXContainerItemProxy */ = {
			isa = PBXContainerItemProxy;
			containerPortal = D089F1952B52F706000507A7 /* Project object */;
			proxyType = 1;
			remoteGlobalIDString = D089F1D42B52FC06000507A7;
			remoteInfo = DataSource;
		};
/* End PBXContainerItemProxy section */

/* Begin PBXCopyFilesBuildPhase section */
		D089F1EA2B52FC07000507A7 /* Embed Frameworks */ = {
			isa = PBXCopyFilesBuildPhase;
			buildActionMask = 2147483647;
			dstPath = "";
			dstSubfolderSpec = 10;
			files = (
				D089F1E92B52FC07000507A7 /* DataSource.framework in Embed Frameworks */,
			);
			name = "Embed Frameworks";
			runOnlyForDeploymentPostprocessing = 0;
		};
/* End PBXCopyFilesBuildPhase section */

/* Begin PBXFileReference section */
		D0747F292B5C3DC70047BA1E /* WebSocketEvent.swift */ = {isa = PBXFileReference; lastKnownFileType = sourcecode.swift; path = WebSocketEvent.swift; sourceTree = "<group>"; };
		D0747F2B2B5C40040047BA1E /* FoundationWebSocket.swift */ = {isa = PBXFileReference; lastKnownFileType = sourcecode.swift; path = FoundationWebSocket.swift; sourceTree = "<group>"; };
		D089F19D2B52F706000507A7 /* Custom-NetWorking.app */ = {isa = PBXFileReference; explicitFileType = wrapper.application; includeInIndex = 0; path = "Custom-NetWorking.app"; sourceTree = BUILT_PRODUCTS_DIR; };
		D089F1A02B52F706000507A7 /* AppDelegate.swift */ = {isa = PBXFileReference; lastKnownFileType = sourcecode.swift; path = AppDelegate.swift; sourceTree = "<group>"; };
		D089F1A22B52F706000507A7 /* SceneDelegate.swift */ = {isa = PBXFileReference; lastKnownFileType = sourcecode.swift; path = SceneDelegate.swift; sourceTree = "<group>"; };
		D089F1A42B52F706000507A7 /* ViewController.swift */ = {isa = PBXFileReference; lastKnownFileType = sourcecode.swift; path = ViewController.swift; sourceTree = "<group>"; };
		D089F1A72B52F706000507A7 /* Base */ = {isa = PBXFileReference; lastKnownFileType = file.storyboard; name = Base; path = Base.lproj/Main.storyboard; sourceTree = "<group>"; };
		D089F1A92B52F707000507A7 /* Assets.xcassets */ = {isa = PBXFileReference; lastKnownFileType = folder.assetcatalog; path = Assets.xcassets; sourceTree = "<group>"; };
		D089F1AC2B52F707000507A7 /* Base */ = {isa = PBXFileReference; lastKnownFileType = file.storyboard; name = Base; path = Base.lproj/LaunchScreen.storyboard; sourceTree = "<group>"; };
		D089F1AE2B52F707000507A7 /* Info.plist */ = {isa = PBXFileReference; lastKnownFileType = text.plist.xml; path = Info.plist; sourceTree = "<group>"; };
		D089F1B32B52F707000507A7 /* Custom-NetWorkingTests.xctest */ = {isa = PBXFileReference; explicitFileType = wrapper.cfbundle; includeInIndex = 0; path = "Custom-NetWorkingTests.xctest"; sourceTree = BUILT_PRODUCTS_DIR; };
		D089F1B72B52F707000507A7 /* Custom_NetWorkingTests.swift */ = {isa = PBXFileReference; lastKnownFileType = sourcecode.swift; path = Custom_NetWorkingTests.swift; sourceTree = "<group>"; };
		D089F1BD2B52F708000507A7 /* Custom-NetWorkingUITests.xctest */ = {isa = PBXFileReference; explicitFileType = wrapper.cfbundle; includeInIndex = 0; path = "Custom-NetWorkingUITests.xctest"; sourceTree = BUILT_PRODUCTS_DIR; };
		D089F1C12B52F708000507A7 /* Custom_NetWorkingUITests.swift */ = {isa = PBXFileReference; lastKnownFileType = sourcecode.swift; path = Custom_NetWorkingUITests.swift; sourceTree = "<group>"; };
		D089F1C32B52F708000507A7 /* Custom_NetWorkingUITestsLaunchTests.swift */ = {isa = PBXFileReference; lastKnownFileType = sourcecode.swift; path = Custom_NetWorkingUITestsLaunchTests.swift; sourceTree = "<group>"; };
		D089F1D52B52FC06000507A7 /* DataSource.framework */ = {isa = PBXFileReference; explicitFileType = wrapper.framework; includeInIndex = 0; path = DataSource.framework; sourceTree = BUILT_PRODUCTS_DIR; };
		D089F1D72B52FC06000507A7 /* DataSource.h */ = {isa = PBXFileReference; lastKnownFileType = sourcecode.c.h; path = DataSource.h; sourceTree = "<group>"; };
		D089F1DC2B52FC06000507A7 /* DataSourceTests.xctest */ = {isa = PBXFileReference; explicitFileType = wrapper.cfbundle; includeInIndex = 0; path = DataSourceTests.xctest; sourceTree = BUILT_PRODUCTS_DIR; };
		D089F1E32B52FC07000507A7 /* DataSourceTests.swift */ = {isa = PBXFileReference; lastKnownFileType = sourcecode.swift; path = DataSourceTests.swift; sourceTree = "<group>"; };
		D089F1F22B52FCCC000507A7 /* HttpMethod.swift */ = {isa = PBXFileReference; lastKnownFileType = sourcecode.swift; path = HttpMethod.swift; sourceTree = "<group>"; };
		D089F1F42B5302D2000507A7 /* ApiServiceEndpoint.swift */ = {isa = PBXFileReference; lastKnownFileType = sourcecode.swift; path = ApiServiceEndpoint.swift; sourceTree = "<group>"; };
		D089F1F62B5305B0000507A7 /* URLRequestBuilder.swift */ = {isa = PBXFileReference; lastKnownFileType = sourcecode.swift; path = URLRequestBuilder.swift; sourceTree = "<group>"; };
		D089F1F82B53071B000507A7 /* ApiConst.swift */ = {isa = PBXFileReference; lastKnownFileType = sourcecode.swift; path = ApiConst.swift; sourceTree = "<group>"; };
		D089F1FA2B530CF0000507A7 /* Extension.swift */ = {isa = PBXFileReference; lastKnownFileType = sourcecode.swift; path = Extension.swift; sourceTree = "<group>"; };
		D089F1FC2B53134F000507A7 /* ApiRequestBuilder.swift */ = {isa = PBXFileReference; lastKnownFileType = sourcecode.swift; path = ApiRequestBuilder.swift; sourceTree = "<group>"; };
		D089F1FF2B5315B1000507A7 /* HttpStatusCode.swift */ = {isa = PBXFileReference; lastKnownFileType = sourcecode.swift; path = HttpStatusCode.swift; sourceTree = "<group>"; };
		D089F2012B5316DC000507A7 /* HTTPResponse.swift */ = {isa = PBXFileReference; lastKnownFileType = sourcecode.swift; path = HTTPResponse.swift; sourceTree = "<group>"; };
		D089F2032B53174D000507A7 /* HttpResponseError.swift */ = {isa = PBXFileReference; lastKnownFileType = sourcecode.swift; path = HttpResponseError.swift; sourceTree = "<group>"; };
		D089F2052B53179D000507A7 /* HttpClient.swift */ = {isa = PBXFileReference; lastKnownFileType = sourcecode.swift; path = HttpClient.swift; sourceTree = "<group>"; };
		D089F2072B5317CC000507A7 /* CommonResponse.swift */ = {isa = PBXFileReference; lastKnownFileType = sourcecode.swift; path = CommonResponse.swift; sourceTree = "<group>"; };
		D089F2092B531889000507A7 /* Cancellable.swift */ = {isa = PBXFileReference; lastKnownFileType = sourcecode.swift; path = Cancellable.swift; sourceTree = "<group>"; };
		D089F20C2B5324B2000507A7 /* RemoteDateSource.swift */ = {isa = PBXFileReference; lastKnownFileType = sourcecode.swift; path = RemoteDateSource.swift; sourceTree = "<group>"; };
		D0F3A4E52B56D7FF00FA7EAB /* Repository.swift */ = {isa = PBXFileReference; lastKnownFileType = sourcecode.swift; path = Repository.swift; sourceTree = "<group>"; };
		D0F3A4E72B56D82D00FA7EAB /* WeatherDataSource.swift */ = {isa = PBXFileReference; lastKnownFileType = sourcecode.swift; path = WeatherDataSource.swift; sourceTree = "<group>"; };
		D0F3A4EA2B56D8B800FA7EAB /* WeatherModel.swift */ = {isa = PBXFileReference; lastKnownFileType = sourcecode.swift; path = WeatherModel.swift; sourceTree = "<group>"; };
/* End PBXFileReference section */

/* Begin PBXFrameworksBuildPhase section */
		D089F19A2B52F706000507A7 /* Frameworks */ = {
			isa = PBXFrameworksBuildPhase;
			buildActionMask = 2147483647;
			files = (
				D089F1E82B52FC07000507A7 /* DataSource.framework in Frameworks */,
			);
			runOnlyForDeploymentPostprocessing = 0;
		};
		D089F1B02B52F707000507A7 /* Frameworks */ = {
			isa = PBXFrameworksBuildPhase;
			buildActionMask = 2147483647;
			files = (
			);
			runOnlyForDeploymentPostprocessing = 0;
		};
		D089F1BA2B52F708000507A7 /* Frameworks */ = {
			isa = PBXFrameworksBuildPhase;
			buildActionMask = 2147483647;
			files = (
			);
			runOnlyForDeploymentPostprocessing = 0;
		};
		D089F1D22B52FC06000507A7 /* Frameworks */ = {
			isa = PBXFrameworksBuildPhase;
			buildActionMask = 2147483647;
			files = (
			);
			runOnlyForDeploymentPostprocessing = 0;
		};
		D089F1D92B52FC06000507A7 /* Frameworks */ = {
			isa = PBXFrameworksBuildPhase;
			buildActionMask = 2147483647;
			files = (
				D089F1DD2B52FC06000507A7 /* DataSource.framework in Frameworks */,
			);
			runOnlyForDeploymentPostprocessing = 0;
		};
/* End PBXFrameworksBuildPhase section */

/* Begin PBXGroup section */
		D0747F262B5C3B940047BA1E /* HTTP */ = {
			isa = PBXGroup;
			children = (
				D089F1F12B52FC3C000507A7 /* Core */,
			);
			path = HTTP;
			sourceTree = "<group>";
		};
		D0747F272B5C3BAB0047BA1E /* StompSocket */ = {
			isa = PBXGroup;
			children = (
				D0747F282B5C3D660047BA1E /* WebSocket */,
			);
			path = StompSocket;
			sourceTree = "<group>";
		};
		D0747F282B5C3D660047BA1E /* WebSocket */ = {
			isa = PBXGroup;
			children = (
				D0747F292B5C3DC70047BA1E /* WebSocketEvent.swift */,
				D0747F2B2B5C40040047BA1E /* FoundationWebSocket.swift */,
			);
			path = WebSocket;
			sourceTree = "<group>";
		};
		D089F1942B52F706000507A7 = {
			isa = PBXGroup;
			children = (
				D089F19F2B52F706000507A7 /* Custom-NetWorking */,
				D089F1B62B52F707000507A7 /* Custom-NetWorkingTests */,
				D089F1C02B52F708000507A7 /* Custom-NetWorkingUITests */,
				D089F1D62B52FC06000507A7 /* DataSource */,
				D089F1E22B52FC07000507A7 /* DataSourceTests */,
				D089F19E2B52F706000507A7 /* Products */,
			);
			sourceTree = "<group>";
		};
		D089F19E2B52F706000507A7 /* Products */ = {
			isa = PBXGroup;
			children = (
				D089F19D2B52F706000507A7 /* Custom-NetWorking.app */,
				D089F1B32B52F707000507A7 /* Custom-NetWorkingTests.xctest */,
				D089F1BD2B52F708000507A7 /* Custom-NetWorkingUITests.xctest */,
				D089F1D52B52FC06000507A7 /* DataSource.framework */,
				D089F1DC2B52FC06000507A7 /* DataSourceTests.xctest */,
			);
			name = Products;
			sourceTree = "<group>";
		};
		D089F19F2B52F706000507A7 /* Custom-NetWorking */ = {
			isa = PBXGroup;
			children = (
				D089F1A02B52F706000507A7 /* AppDelegate.swift */,
				D089F1A22B52F706000507A7 /* SceneDelegate.swift */,
				D089F1A42B52F706000507A7 /* ViewController.swift */,
				D089F1A62B52F706000507A7 /* Main.storyboard */,
				D089F1A92B52F707000507A7 /* Assets.xcassets */,
				D089F1AB2B52F707000507A7 /* LaunchScreen.storyboard */,
				D089F1AE2B52F707000507A7 /* Info.plist */,
			);
			path = "Custom-NetWorking";
			sourceTree = "<group>";
		};
		D089F1B62B52F707000507A7 /* Custom-NetWorkingTests */ = {
			isa = PBXGroup;
			children = (
				D089F1B72B52F707000507A7 /* Custom_NetWorkingTests.swift */,
			);
			path = "Custom-NetWorkingTests";
			sourceTree = "<group>";
		};
		D089F1C02B52F708000507A7 /* Custom-NetWorkingUITests */ = {
			isa = PBXGroup;
			children = (
				D089F1C12B52F708000507A7 /* Custom_NetWorkingUITests.swift */,
				D089F1C32B52F708000507A7 /* Custom_NetWorkingUITestsLaunchTests.swift */,
			);
			path = "Custom-NetWorkingUITests";
			sourceTree = "<group>";
		};
		D089F1D62B52FC06000507A7 /* DataSource */ = {
			isa = PBXGroup;
			children = (
				D0747F272B5C3BAB0047BA1E /* StompSocket */,
				D0747F262B5C3B940047BA1E /* HTTP */,
				D0F3A4E92B56D8A400FA7EAB /* Model */,
				D089F20B2B5323D5000507A7 /* Remote */,
				D089F1D72B52FC06000507A7 /* DataSource.h */,
			);
			path = DataSource;
			sourceTree = "<group>";
		};
		D089F1E22B52FC07000507A7 /* DataSourceTests */ = {
			isa = PBXGroup;
			children = (
				D089F1E32B52FC07000507A7 /* DataSourceTests.swift */,
			);
			path = DataSourceTests;
			sourceTree = "<group>";
		};
		D089F1F12B52FC3C000507A7 /* Core */ = {
			isa = PBXGroup;
			children = (
				D089F1FE2B531561000507A7 /* HttpClient */,
				D089F1F42B5302D2000507A7 /* ApiServiceEndpoint.swift */,
				D089F1F62B5305B0000507A7 /* URLRequestBuilder.swift */,
				D089F1F82B53071B000507A7 /* ApiConst.swift */,
				D089F1FA2B530CF0000507A7 /* Extension.swift */,
				D089F1FC2B53134F000507A7 /* ApiRequestBuilder.swift */,
			);
			path = Core;
			sourceTree = "<group>";
		};
		D089F1FE2B531561000507A7 /* HttpClient */ = {
			isa = PBXGroup;
			children = (
				D089F1FF2B5315B1000507A7 /* HttpStatusCode.swift */,
				D089F2012B5316DC000507A7 /* HTTPResponse.swift */,
				D089F2032B53174D000507A7 /* HttpResponseError.swift */,
				D089F1F22B52FCCC000507A7 /* HttpMethod.swift */,
				D089F2052B53179D000507A7 /* HttpClient.swift */,
				D089F2072B5317CC000507A7 /* CommonResponse.swift */,
				D089F2092B531889000507A7 /* Cancellable.swift */,
			);
			path = HttpClient;
			sourceTree = "<group>";
		};
		D089F20B2B5323D5000507A7 /* Remote */ = {
			isa = PBXGroup;
			children = (
				D089F20C2B5324B2000507A7 /* RemoteDateSource.swift */,
				D0F3A4E52B56D7FF00FA7EAB /* Repository.swift */,
				D0F3A4E72B56D82D00FA7EAB /* WeatherDataSource.swift */,
			);
			path = Remote;
			sourceTree = "<group>";
		};
		D0F3A4E92B56D8A400FA7EAB /* Model */ = {
			isa = PBXGroup;
			children = (
				D0F3A4EA2B56D8B800FA7EAB /* WeatherModel.swift */,
			);
			path = Model;
			sourceTree = "<group>";
		};
/* End PBXGroup section */

/* Begin PBXHeadersBuildPhase section */
		D089F1D02B52FC06000507A7 /* Headers */ = {
			isa = PBXHeadersBuildPhase;
			buildActionMask = 2147483647;
			files = (
				D089F1E52B52FC07000507A7 /* DataSource.h in Headers */,
			);
			runOnlyForDeploymentPostprocessing = 0;
		};
/* End PBXHeadersBuildPhase section */

/* Begin PBXNativeTarget section */
		D089F19C2B52F706000507A7 /* Custom-NetWorking */ = {
			isa = PBXNativeTarget;
			buildConfigurationList = D089F1C72B52F708000507A7 /* Build configuration list for PBXNativeTarget "Custom-NetWorking" */;
			buildPhases = (
				D089F1992B52F706000507A7 /* Sources */,
				D089F19A2B52F706000507A7 /* Frameworks */,
				D089F19B2B52F706000507A7 /* Resources */,
				D089F1EA2B52FC07000507A7 /* Embed Frameworks */,
			);
			buildRules = (
			);
			dependencies = (
				D089F1E72B52FC07000507A7 /* PBXTargetDependency */,
			);
			name = "Custom-NetWorking";
			productName = "Custom-NetWorking";
			productReference = D089F19D2B52F706000507A7 /* Custom-NetWorking.app */;
			productType = "com.apple.product-type.application";
		};
		D089F1B22B52F707000507A7 /* Custom-NetWorkingTests */ = {
			isa = PBXNativeTarget;
			buildConfigurationList = D089F1CA2B52F708000507A7 /* Build configuration list for PBXNativeTarget "Custom-NetWorkingTests" */;
			buildPhases = (
				D089F1AF2B52F707000507A7 /* Sources */,
				D089F1B02B52F707000507A7 /* Frameworks */,
				D089F1B12B52F707000507A7 /* Resources */,
			);
			buildRules = (
			);
			dependencies = (
				D089F1B52B52F707000507A7 /* PBXTargetDependency */,
			);
			name = "Custom-NetWorkingTests";
			productName = "Custom-NetWorkingTests";
			productReference = D089F1B32B52F707000507A7 /* Custom-NetWorkingTests.xctest */;
			productType = "com.apple.product-type.bundle.unit-test";
		};
		D089F1BC2B52F708000507A7 /* Custom-NetWorkingUITests */ = {
			isa = PBXNativeTarget;
			buildConfigurationList = D089F1CD2B52F708000507A7 /* Build configuration list for PBXNativeTarget "Custom-NetWorkingUITests" */;
			buildPhases = (
				D089F1B92B52F708000507A7 /* Sources */,
				D089F1BA2B52F708000507A7 /* Frameworks */,
				D089F1BB2B52F708000507A7 /* Resources */,
			);
			buildRules = (
			);
			dependencies = (
				D089F1BF2B52F708000507A7 /* PBXTargetDependency */,
			);
			name = "Custom-NetWorkingUITests";
			productName = "Custom-NetWorkingUITests";
			productReference = D089F1BD2B52F708000507A7 /* Custom-NetWorkingUITests.xctest */;
			productType = "com.apple.product-type.bundle.ui-testing";
		};
		D089F1D42B52FC06000507A7 /* DataSource */ = {
			isa = PBXNativeTarget;
			buildConfigurationList = D089F1EF2B52FC07000507A7 /* Build configuration list for PBXNativeTarget "DataSource" */;
			buildPhases = (
				D089F1D02B52FC06000507A7 /* Headers */,
				D089F1D12B52FC06000507A7 /* Sources */,
				D089F1D22B52FC06000507A7 /* Frameworks */,
				D089F1D32B52FC06000507A7 /* Resources */,
			);
			buildRules = (
			);
			dependencies = (
			);
			name = DataSource;
			productName = DataSource;
			productReference = D089F1D52B52FC06000507A7 /* DataSource.framework */;
			productType = "com.apple.product-type.framework";
		};
		D089F1DB2B52FC06000507A7 /* DataSourceTests */ = {
			isa = PBXNativeTarget;
			buildConfigurationList = D089F1F02B52FC07000507A7 /* Build configuration list for PBXNativeTarget "DataSourceTests" */;
			buildPhases = (
				D089F1D82B52FC06000507A7 /* Sources */,
				D089F1D92B52FC06000507A7 /* Frameworks */,
				D089F1DA2B52FC06000507A7 /* Resources */,
			);
			buildRules = (
			);
			dependencies = (
				D089F1DF2B52FC06000507A7 /* PBXTargetDependency */,
				D089F1E12B52FC07000507A7 /* PBXTargetDependency */,
			);
			name = DataSourceTests;
			productName = DataSourceTests;
			productReference = D089F1DC2B52FC06000507A7 /* DataSourceTests.xctest */;
			productType = "com.apple.product-type.bundle.unit-test";
		};
/* End PBXNativeTarget section */

/* Begin PBXProject section */
		D089F1952B52F706000507A7 /* Project object */ = {
			isa = PBXProject;
			attributes = {
				BuildIndependentTargetsInParallel = 1;
				LastSwiftUpdateCheck = 1500;
				LastUpgradeCheck = 1500;
				TargetAttributes = {
					D089F19C2B52F706000507A7 = {
						CreatedOnToolsVersion = 15.0.1;
					};
					D089F1B22B52F707000507A7 = {
						CreatedOnToolsVersion = 15.0.1;
						TestTargetID = D089F19C2B52F706000507A7;
					};
					D089F1BC2B52F708000507A7 = {
						CreatedOnToolsVersion = 15.0.1;
						TestTargetID = D089F19C2B52F706000507A7;
					};
					D089F1D42B52FC06000507A7 = {
						CreatedOnToolsVersion = 15.0.1;
						LastSwiftMigration = 1500;
					};
					D089F1DB2B52FC06000507A7 = {
						CreatedOnToolsVersion = 15.0.1;
						TestTargetID = D089F19C2B52F706000507A7;
					};
				};
			};
			buildConfigurationList = D089F1982B52F706000507A7 /* Build configuration list for PBXProject "Custom-NetWorking" */;
			compatibilityVersion = "Xcode 14.0";
			developmentRegion = en;
			hasScannedForEncodings = 0;
			knownRegions = (
				en,
				Base,
			);
			mainGroup = D089F1942B52F706000507A7;
			productRefGroup = D089F19E2B52F706000507A7 /* Products */;
			projectDirPath = "";
			projectRoot = "";
			targets = (
				D089F19C2B52F706000507A7 /* Custom-NetWorking */,
				D089F1B22B52F707000507A7 /* Custom-NetWorkingTests */,
				D089F1BC2B52F708000507A7 /* Custom-NetWorkingUITests */,
				D089F1D42B52FC06000507A7 /* DataSource */,
				D089F1DB2B52FC06000507A7 /* DataSourceTests */,
			);
		};
/* End PBXProject section */

/* Begin PBXResourcesBuildPhase section */
		D089F19B2B52F706000507A7 /* Resources */ = {
			isa = PBXResourcesBuildPhase;
			buildActionMask = 2147483647;
			files = (
				D089F1AD2B52F707000507A7 /* LaunchScreen.storyboard in Resources */,
				D089F1AA2B52F707000507A7 /* Assets.xcassets in Resources */,
				D089F1A82B52F706000507A7 /* Main.storyboard in Resources */,
			);
			runOnlyForDeploymentPostprocessing = 0;
		};
		D089F1B12B52F707000507A7 /* Resources */ = {
			isa = PBXResourcesBuildPhase;
			buildActionMask = 2147483647;
			files = (
			);
			runOnlyForDeploymentPostprocessing = 0;
		};
		D089F1BB2B52F708000507A7 /* Resources */ = {
			isa = PBXResourcesBuildPhase;
			buildActionMask = 2147483647;
			files = (
			);
			runOnlyForDeploymentPostprocessing = 0;
		};
		D089F1D32B52FC06000507A7 /* Resources */ = {
			isa = PBXResourcesBuildPhase;
			buildActionMask = 2147483647;
			files = (
			);
			runOnlyForDeploymentPostprocessing = 0;
		};
		D089F1DA2B52FC06000507A7 /* Resources */ = {
			isa = PBXResourcesBuildPhase;
			buildActionMask = 2147483647;
			files = (
			);
			runOnlyForDeploymentPostprocessing = 0;
		};
/* End PBXResourcesBuildPhase section */

/* Begin PBXSourcesBuildPhase section */
		D089F1992B52F706000507A7 /* Sources */ = {
			isa = PBXSourcesBuildPhase;
			buildActionMask = 2147483647;
			files = (
				D089F1A52B52F706000507A7 /* ViewController.swift in Sources */,
				D089F1A12B52F706000507A7 /* AppDelegate.swift in Sources */,
				D089F1A32B52F706000507A7 /* SceneDelegate.swift in Sources */,
			);
			runOnlyForDeploymentPostprocessing = 0;
		};
		D089F1AF2B52F707000507A7 /* Sources */ = {
			isa = PBXSourcesBuildPhase;
			buildActionMask = 2147483647;
			files = (
				D089F1B82B52F707000507A7 /* Custom_NetWorkingTests.swift in Sources */,
			);
			runOnlyForDeploymentPostprocessing = 0;
		};
		D089F1B92B52F708000507A7 /* Sources */ = {
			isa = PBXSourcesBuildPhase;
			buildActionMask = 2147483647;
			files = (
				D089F1C22B52F708000507A7 /* Custom_NetWorkingUITests.swift in Sources */,
				D089F1C42B52F708000507A7 /* Custom_NetWorkingUITestsLaunchTests.swift in Sources */,
			);
			runOnlyForDeploymentPostprocessing = 0;
		};
		D089F1D12B52FC06000507A7 /* Sources */ = {
			isa = PBXSourcesBuildPhase;
			buildActionMask = 2147483647;
			files = (
				D089F2062B53179D000507A7 /* HttpClient.swift in Sources */,
				D089F1FD2B53134F000507A7 /* ApiRequestBuilder.swift in Sources */,
				D0F3A4E82B56D82D00FA7EAB /* WeatherDataSource.swift in Sources */,
				D089F1FB2B530CF0000507A7 /* Extension.swift in Sources */,
				D089F20D2B5324B2000507A7 /* RemoteDateSource.swift in Sources */,
				D089F2082B5317CC000507A7 /* CommonResponse.swift in Sources */,
				D089F1F32B52FCCC000507A7 /* HttpMethod.swift in Sources */,
				D089F1F52B5302D2000507A7 /* ApiServiceEndpoint.swift in Sources */,
				D0747F2C2B5C40040047BA1E /* FoundationWebSocket.swift in Sources */,
				D0F3A4E62B56D7FF00FA7EAB /* Repository.swift in Sources */,
				D089F20A2B531889000507A7 /* Cancellable.swift in Sources */,
				D089F2022B5316DC000507A7 /* HTTPResponse.swift in Sources */,
				D089F1F92B53071B000507A7 /* ApiConst.swift in Sources */,
				D089F2042B53174D000507A7 /* HttpResponseError.swift in Sources */,
				D089F1F72B5305B0000507A7 /* URLRequestBuilder.swift in Sources */,
				D0F3A4EB2B56D8B800FA7EAB /* WeatherModel.swift in Sources */,
				D089F2002B5315B1000507A7 /* HttpStatusCode.swift in Sources */,
				D0747F2A2B5C3DC70047BA1E /* WebSocketEvent.swift in Sources */,
			);
			runOnlyForDeploymentPostprocessing = 0;
		};
		D089F1D82B52FC06000507A7 /* Sources */ = {
			isa = PBXSourcesBuildPhase;
			buildActionMask = 2147483647;
			files = (
				D089F1E42B52FC07000507A7 /* DataSourceTests.swift in Sources */,
			);
			runOnlyForDeploymentPostprocessing = 0;
		};
/* End PBXSourcesBuildPhase section */

/* Begin PBXTargetDependency section */
		D089F1B52B52F707000507A7 /* PBXTargetDependency */ = {
			isa = PBXTargetDependency;
			target = D089F19C2B52F706000507A7 /* Custom-NetWorking */;
			targetProxy = D089F1B42B52F707000507A7 /* PBXContainerItemProxy */;
		};
		D089F1BF2B52F708000507A7 /* PBXTargetDependency */ = {
			isa = PBXTargetDependency;
			target = D089F19C2B52F706000507A7 /* Custom-NetWorking */;
			targetProxy = D089F1BE2B52F708000507A7 /* PBXContainerItemProxy */;
		};
		D089F1DF2B52FC06000507A7 /* PBXTargetDependency */ = {
			isa = PBXTargetDependency;
			target = D089F1D42B52FC06000507A7 /* DataSource */;
			targetProxy = D089F1DE2B52FC06000507A7 /* PBXContainerItemProxy */;
		};
		D089F1E12B52FC07000507A7 /* PBXTargetDependency */ = {
			isa = PBXTargetDependency;
			target = D089F19C2B52F706000507A7 /* Custom-NetWorking */;
			targetProxy = D089F1E02B52FC07000507A7 /* PBXContainerItemProxy */;
		};
		D089F1E72B52FC07000507A7 /* PBXTargetDependency */ = {
			isa = PBXTargetDependency;
			target = D089F1D42B52FC06000507A7 /* DataSource */;
			targetProxy = D089F1E62B52FC07000507A7 /* PBXContainerItemProxy */;
		};
/* End PBXTargetDependency section */

/* Begin PBXVariantGroup section */
		D089F1A62B52F706000507A7 /* Main.storyboard */ = {
			isa = PBXVariantGroup;
			children = (
				D089F1A72B52F706000507A7 /* Base */,
			);
			name = Main.storyboard;
			sourceTree = "<group>";
		};
		D089F1AB2B52F707000507A7 /* LaunchScreen.storyboard */ = {
			isa = PBXVariantGroup;
			children = (
				D089F1AC2B52F707000507A7 /* Base */,
			);
			name = LaunchScreen.storyboard;
			sourceTree = "<group>";
		};
/* End PBXVariantGroup section */

/* Begin XCBuildConfiguration section */
		D089F1C52B52F708000507A7 /* Debug */ = {
			isa = XCBuildConfiguration;
			buildSettings = {
				ALWAYS_SEARCH_USER_PATHS = NO;
				ASSETCATALOG_COMPILER_GENERATE_SWIFT_ASSET_SYMBOL_EXTENSIONS = YES;
				CLANG_ANALYZER_NONNULL = YES;
				CLANG_ANALYZER_NUMBER_OBJECT_CONVERSION = YES_AGGRESSIVE;
				CLANG_CXX_LANGUAGE_STANDARD = "gnu++20";
				CLANG_ENABLE_MODULES = YES;
				CLANG_ENABLE_OBJC_ARC = YES;
				CLANG_ENABLE_OBJC_WEAK = YES;
				CLANG_WARN_BLOCK_CAPTURE_AUTORELEASING = YES;
				CLANG_WARN_BOOL_CONVERSION = YES;
				CLANG_WARN_COMMA = YES;
				CLANG_WARN_CONSTANT_CONVERSION = YES;
				CLANG_WARN_DEPRECATED_OBJC_IMPLEMENTATIONS = YES;
				CLANG_WARN_DIRECT_OBJC_ISA_USAGE = YES_ERROR;
				CLANG_WARN_DOCUMENTATION_COMMENTS = YES;
				CLANG_WARN_EMPTY_BODY = YES;
				CLANG_WARN_ENUM_CONVERSION = YES;
				CLANG_WARN_INFINITE_RECURSION = YES;
				CLANG_WARN_INT_CONVERSION = YES;
				CLANG_WARN_NON_LITERAL_NULL_CONVERSION = YES;
				CLANG_WARN_OBJC_IMPLICIT_RETAIN_SELF = YES;
				CLANG_WARN_OBJC_LITERAL_CONVERSION = YES;
				CLANG_WARN_OBJC_ROOT_CLASS = YES_ERROR;
				CLANG_WARN_QUOTED_INCLUDE_IN_FRAMEWORK_HEADER = YES;
				CLANG_WARN_RANGE_LOOP_ANALYSIS = YES;
				CLANG_WARN_STRICT_PROTOTYPES = YES;
				CLANG_WARN_SUSPICIOUS_MOVE = YES;
				CLANG_WARN_UNGUARDED_AVAILABILITY = YES_AGGRESSIVE;
				CLANG_WARN_UNREACHABLE_CODE = YES;
				CLANG_WARN__DUPLICATE_METHOD_MATCH = YES;
				COPY_PHASE_STRIP = NO;
				DEBUG_INFORMATION_FORMAT = dwarf;
				ENABLE_STRICT_OBJC_MSGSEND = YES;
				ENABLE_TESTABILITY = YES;
				ENABLE_USER_SCRIPT_SANDBOXING = YES;
				GCC_C_LANGUAGE_STANDARD = gnu17;
				GCC_DYNAMIC_NO_PIC = NO;
				GCC_NO_COMMON_BLOCKS = YES;
				GCC_OPTIMIZATION_LEVEL = 0;
				GCC_PREPROCESSOR_DEFINITIONS = (
					"DEBUG=1",
					"$(inherited)",
				);
				GCC_WARN_64_TO_32_BIT_CONVERSION = YES;
				GCC_WARN_ABOUT_RETURN_TYPE = YES_ERROR;
				GCC_WARN_UNDECLARED_SELECTOR = YES;
				GCC_WARN_UNINITIALIZED_AUTOS = YES_AGGRESSIVE;
				GCC_WARN_UNUSED_FUNCTION = YES;
				GCC_WARN_UNUSED_VARIABLE = YES;
				IPHONEOS_DEPLOYMENT_TARGET = 17.0;
				LOCALIZATION_PREFERS_STRING_CATALOGS = YES;
				MTL_ENABLE_DEBUG_INFO = INCLUDE_SOURCE;
				MTL_FAST_MATH = YES;
				ONLY_ACTIVE_ARCH = YES;
				SDKROOT = iphoneos;
				SWIFT_ACTIVE_COMPILATION_CONDITIONS = "DEBUG $(inherited)";
				SWIFT_OPTIMIZATION_LEVEL = "-Onone";
			};
			name = Debug;
		};
		D089F1C62B52F708000507A7 /* Release */ = {
			isa = XCBuildConfiguration;
			buildSettings = {
				ALWAYS_SEARCH_USER_PATHS = NO;
				ASSETCATALOG_COMPILER_GENERATE_SWIFT_ASSET_SYMBOL_EXTENSIONS = YES;
				CLANG_ANALYZER_NONNULL = YES;
				CLANG_ANALYZER_NUMBER_OBJECT_CONVERSION = YES_AGGRESSIVE;
				CLANG_CXX_LANGUAGE_STANDARD = "gnu++20";
				CLANG_ENABLE_MODULES = YES;
				CLANG_ENABLE_OBJC_ARC = YES;
				CLANG_ENABLE_OBJC_WEAK = YES;
				CLANG_WARN_BLOCK_CAPTURE_AUTORELEASING = YES;
				CLANG_WARN_BOOL_CONVERSION = YES;
				CLANG_WARN_COMMA = YES;
				CLANG_WARN_CONSTANT_CONVERSION = YES;
				CLANG_WARN_DEPRECATED_OBJC_IMPLEMENTATIONS = YES;
				CLANG_WARN_DIRECT_OBJC_ISA_USAGE = YES_ERROR;
				CLANG_WARN_DOCUMENTATION_COMMENTS = YES;
				CLANG_WARN_EMPTY_BODY = YES;
				CLANG_WARN_ENUM_CONVERSION = YES;
				CLANG_WARN_INFINITE_RECURSION = YES;
				CLANG_WARN_INT_CONVERSION = YES;
				CLANG_WARN_NON_LITERAL_NULL_CONVERSION = YES;
				CLANG_WARN_OBJC_IMPLICIT_RETAIN_SELF = YES;
				CLANG_WARN_OBJC_LITERAL_CONVERSION = YES;
				CLANG_WARN_OBJC_ROOT_CLASS = YES_ERROR;
				CLANG_WARN_QUOTED_INCLUDE_IN_FRAMEWORK_HEADER = YES;
				CLANG_WARN_RANGE_LOOP_ANALYSIS = YES;
				CLANG_WARN_STRICT_PROTOTYPES = YES;
				CLANG_WARN_SUSPICIOUS_MOVE = YES;
				CLANG_WARN_UNGUARDED_AVAILABILITY = YES_AGGRESSIVE;
				CLANG_WARN_UNREACHABLE_CODE = YES;
				CLANG_WARN__DUPLICATE_METHOD_MATCH = YES;
				COPY_PHASE_STRIP = NO;
				DEBUG_INFORMATION_FORMAT = "dwarf-with-dsym";
				ENABLE_NS_ASSERTIONS = NO;
				ENABLE_STRICT_OBJC_MSGSEND = YES;
				ENABLE_USER_SCRIPT_SANDBOXING = YES;
				GCC_C_LANGUAGE_STANDARD = gnu17;
				GCC_NO_COMMON_BLOCKS = YES;
				GCC_WARN_64_TO_32_BIT_CONVERSION = YES;
				GCC_WARN_ABOUT_RETURN_TYPE = YES_ERROR;
				GCC_WARN_UNDECLARED_SELECTOR = YES;
				GCC_WARN_UNINITIALIZED_AUTOS = YES_AGGRESSIVE;
				GCC_WARN_UNUSED_FUNCTION = YES;
				GCC_WARN_UNUSED_VARIABLE = YES;
				IPHONEOS_DEPLOYMENT_TARGET = 17.0;
				LOCALIZATION_PREFERS_STRING_CATALOGS = YES;
				MTL_ENABLE_DEBUG_INFO = NO;
				MTL_FAST_MATH = YES;
				SDKROOT = iphoneos;
				SWIFT_COMPILATION_MODE = wholemodule;
				VALIDATE_PRODUCT = YES;
			};
			name = Release;
		};
		D089F1C82B52F708000507A7 /* Debug */ = {
			isa = XCBuildConfiguration;
			buildSettings = {
				ALWAYS_EMBED_SWIFT_STANDARD_LIBRARIES = YES;
				ASSETCATALOG_COMPILER_APPICON_NAME = AppIcon;
				ASSETCATALOG_COMPILER_GLOBAL_ACCENT_COLOR_NAME = AccentColor;
				CODE_SIGN_STYLE = Automatic;
				CURRENT_PROJECT_VERSION = 1;
				DEVELOPMENT_TEAM = MC4UAQDQFT;
				GENERATE_INFOPLIST_FILE = YES;
				INFOPLIST_FILE = "Custom-NetWorking/Info.plist";
				INFOPLIST_KEY_UIApplicationSupportsIndirectInputEvents = YES;
				INFOPLIST_KEY_UILaunchStoryboardName = LaunchScreen;
				INFOPLIST_KEY_UIMainStoryboardFile = Main;
				INFOPLIST_KEY_UISupportedInterfaceOrientations_iPad = "UIInterfaceOrientationPortrait UIInterfaceOrientationPortraitUpsideDown UIInterfaceOrientationLandscapeLeft UIInterfaceOrientationLandscapeRight";
				INFOPLIST_KEY_UISupportedInterfaceOrientations_iPhone = "UIInterfaceOrientationPortrait UIInterfaceOrientationLandscapeLeft UIInterfaceOrientationLandscapeRight";
				LD_RUNPATH_SEARCH_PATHS = (
					"$(inherited)",
					"@executable_path/Frameworks",
				);
				MARKETING_VERSION = 1.0;
				PRODUCT_BUNDLE_IDENTIFIER = "nhadv.Custom-NetWorking";
				PRODUCT_NAME = "$(TARGET_NAME)";
				SWIFT_EMIT_LOC_STRINGS = YES;
				SWIFT_VERSION = 5.0;
				TARGETED_DEVICE_FAMILY = "1,2";
			};
			name = Debug;
		};
		D089F1C92B52F708000507A7 /* Release */ = {
			isa = XCBuildConfiguration;
			buildSettings = {
				ALWAYS_EMBED_SWIFT_STANDARD_LIBRARIES = YES;
				ASSETCATALOG_COMPILER_APPICON_NAME = AppIcon;
				ASSETCATALOG_COMPILER_GLOBAL_ACCENT_COLOR_NAME = AccentColor;
				CODE_SIGN_STYLE = Automatic;
				CURRENT_PROJECT_VERSION = 1;
				DEVELOPMENT_TEAM = MC4UAQDQFT;
				GENERATE_INFOPLIST_FILE = YES;
				INFOPLIST_FILE = "Custom-NetWorking/Info.plist";
				INFOPLIST_KEY_UIApplicationSupportsIndirectInputEvents = YES;
				INFOPLIST_KEY_UILaunchStoryboardName = LaunchScreen;
				INFOPLIST_KEY_UIMainStoryboardFile = Main;
				INFOPLIST_KEY_UISupportedInterfaceOrientations_iPad = "UIInterfaceOrientationPortrait UIInterfaceOrientationPortraitUpsideDown UIInterfaceOrientationLandscapeLeft UIInterfaceOrientationLandscapeRight";
				INFOPLIST_KEY_UISupportedInterfaceOrientations_iPhone = "UIInterfaceOrientationPortrait UIInterfaceOrientationLandscapeLeft UIInterfaceOrientationLandscapeRight";
				LD_RUNPATH_SEARCH_PATHS = (
					"$(inherited)",
					"@executable_path/Frameworks",
				);
				MARKETING_VERSION = 1.0;
				PRODUCT_BUNDLE_IDENTIFIER = "nhadv.Custom-NetWorking";
				PRODUCT_NAME = "$(TARGET_NAME)";
				SWIFT_EMIT_LOC_STRINGS = YES;
				SWIFT_VERSION = 5.0;
				TARGETED_DEVICE_FAMILY = "1,2";
			};
			name = Release;
		};
		D089F1CB2B52F708000507A7 /* Debug */ = {
			isa = XCBuildConfiguration;
			buildSettings = {
				ALWAYS_EMBED_SWIFT_STANDARD_LIBRARIES = YES;
				BUNDLE_LOADER = "$(TEST_HOST)";
				CODE_SIGN_STYLE = Automatic;
				CURRENT_PROJECT_VERSION = 1;
				DEVELOPMENT_TEAM = MC4UAQDQFT;
				GENERATE_INFOPLIST_FILE = YES;
				IPHONEOS_DEPLOYMENT_TARGET = 17.0;
				MARKETING_VERSION = 1.0;
				PRODUCT_BUNDLE_IDENTIFIER = "nhadv.Custom-NetWorkingTests";
				PRODUCT_NAME = "$(TARGET_NAME)";
				SWIFT_EMIT_LOC_STRINGS = NO;
				SWIFT_VERSION = 5.0;
				TARGETED_DEVICE_FAMILY = "1,2";
				TEST_HOST = "$(BUILT_PRODUCTS_DIR)/Custom-NetWorking.app/$(BUNDLE_EXECUTABLE_FOLDER_PATH)/Custom-NetWorking";
			};
			name = Debug;
		};
		D089F1CC2B52F708000507A7 /* Release */ = {
			isa = XCBuildConfiguration;
			buildSettings = {
				ALWAYS_EMBED_SWIFT_STANDARD_LIBRARIES = YES;
				BUNDLE_LOADER = "$(TEST_HOST)";
				CODE_SIGN_STYLE = Automatic;
				CURRENT_PROJECT_VERSION = 1;
				DEVELOPMENT_TEAM = MC4UAQDQFT;
				GENERATE_INFOPLIST_FILE = YES;
				IPHONEOS_DEPLOYMENT_TARGET = 17.0;
				MARKETING_VERSION = 1.0;
				PRODUCT_BUNDLE_IDENTIFIER = "nhadv.Custom-NetWorkingTests";
				PRODUCT_NAME = "$(TARGET_NAME)";
				SWIFT_EMIT_LOC_STRINGS = NO;
				SWIFT_VERSION = 5.0;
				TARGETED_DEVICE_FAMILY = "1,2";
				TEST_HOST = "$(BUILT_PRODUCTS_DIR)/Custom-NetWorking.app/$(BUNDLE_EXECUTABLE_FOLDER_PATH)/Custom-NetWorking";
			};
			name = Release;
		};
		D089F1CE2B52F708000507A7 /* Debug */ = {
			isa = XCBuildConfiguration;
			buildSettings = {
				ALWAYS_EMBED_SWIFT_STANDARD_LIBRARIES = YES;
				CODE_SIGN_STYLE = Automatic;
				CURRENT_PROJECT_VERSION = 1;
				DEVELOPMENT_TEAM = MC4UAQDQFT;
				GENERATE_INFOPLIST_FILE = YES;
				MARKETING_VERSION = 1.0;
				PRODUCT_BUNDLE_IDENTIFIER = "nhadv.Custom-NetWorkingUITests";
				PRODUCT_NAME = "$(TARGET_NAME)";
				SWIFT_EMIT_LOC_STRINGS = NO;
				SWIFT_VERSION = 5.0;
				TARGETED_DEVICE_FAMILY = "1,2";
				TEST_TARGET_NAME = "Custom-NetWorking";
			};
			name = Debug;
		};
		D089F1CF2B52F708000507A7 /* Release */ = {
			isa = XCBuildConfiguration;
			buildSettings = {
				ALWAYS_EMBED_SWIFT_STANDARD_LIBRARIES = YES;
				CODE_SIGN_STYLE = Automatic;
				CURRENT_PROJECT_VERSION = 1;
				DEVELOPMENT_TEAM = MC4UAQDQFT;
				GENERATE_INFOPLIST_FILE = YES;
				MARKETING_VERSION = 1.0;
				PRODUCT_BUNDLE_IDENTIFIER = "nhadv.Custom-NetWorkingUITests";
				PRODUCT_NAME = "$(TARGET_NAME)";
				SWIFT_EMIT_LOC_STRINGS = NO;
				SWIFT_VERSION = 5.0;
				TARGETED_DEVICE_FAMILY = "1,2";
				TEST_TARGET_NAME = "Custom-NetWorking";
			};
			name = Release;
		};
		D089F1EB2B52FC07000507A7 /* Debug */ = {
			isa = XCBuildConfiguration;
			buildSettings = {
				CLANG_ENABLE_MODULES = YES;
				CODE_SIGN_STYLE = Automatic;
				CURRENT_PROJECT_VERSION = 1;
				DEFINES_MODULE = YES;
				DEVELOPMENT_TEAM = MC4UAQDQFT;
				DYLIB_COMPATIBILITY_VERSION = 1;
				DYLIB_CURRENT_VERSION = 1;
				DYLIB_INSTALL_NAME_BASE = "@rpath";
				ENABLE_MODULE_VERIFIER = YES;
				GENERATE_INFOPLIST_FILE = YES;
				INFOPLIST_KEY_NSHumanReadableCopyright = "";
				INSTALL_PATH = "$(LOCAL_LIBRARY_DIR)/Frameworks";
				LD_RUNPATH_SEARCH_PATHS = (
					"$(inherited)",
					"@executable_path/Frameworks",
					"@loader_path/Frameworks",
				);
				MARKETING_VERSION = 1.0;
				MODULE_VERIFIER_SUPPORTED_LANGUAGES = "objective-c objective-c++";
				MODULE_VERIFIER_SUPPORTED_LANGUAGE_STANDARDS = "gnu17 gnu++20";
				PRODUCT_BUNDLE_IDENTIFIER = nhadv.DataSource;
				PRODUCT_NAME = "$(TARGET_NAME:c99extidentifier)";
				SKIP_INSTALL = YES;
				SWIFT_EMIT_LOC_STRINGS = YES;
				SWIFT_OPTIMIZATION_LEVEL = "-Onone";
				SWIFT_VERSION = 5.0;
				TARGETED_DEVICE_FAMILY = "1,2";
				VERSIONING_SYSTEM = "apple-generic";
				VERSION_INFO_PREFIX = "";
			};
			name = Debug;
		};
		D089F1EC2B52FC07000507A7 /* Release */ = {
			isa = XCBuildConfiguration;
			buildSettings = {
				CLANG_ENABLE_MODULES = YES;
				CODE_SIGN_STYLE = Automatic;
				CURRENT_PROJECT_VERSION = 1;
				DEFINES_MODULE = YES;
				DEVELOPMENT_TEAM = MC4UAQDQFT;
				DYLIB_COMPATIBILITY_VERSION = 1;
				DYLIB_CURRENT_VERSION = 1;
				DYLIB_INSTALL_NAME_BASE = "@rpath";
				ENABLE_MODULE_VERIFIER = YES;
				GENERATE_INFOPLIST_FILE = YES;
				INFOPLIST_KEY_NSHumanReadableCopyright = "";
				INSTALL_PATH = "$(LOCAL_LIBRARY_DIR)/Frameworks";
				LD_RUNPATH_SEARCH_PATHS = (
					"$(inherited)",
					"@executable_path/Frameworks",
					"@loader_path/Frameworks",
				);
				MARKETING_VERSION = 1.0;
				MODULE_VERIFIER_SUPPORTED_LANGUAGES = "objective-c objective-c++";
				MODULE_VERIFIER_SUPPORTED_LANGUAGE_STANDARDS = "gnu17 gnu++20";
				PRODUCT_BUNDLE_IDENTIFIER = nhadv.DataSource;
				PRODUCT_NAME = "$(TARGET_NAME:c99extidentifier)";
				SKIP_INSTALL = YES;
				SWIFT_EMIT_LOC_STRINGS = YES;
				SWIFT_VERSION = 5.0;
				TARGETED_DEVICE_FAMILY = "1,2";
				VERSIONING_SYSTEM = "apple-generic";
				VERSION_INFO_PREFIX = "";
			};
			name = Release;
		};
		D089F1ED2B52FC07000507A7 /* Debug */ = {
			isa = XCBuildConfiguration;
			buildSettings = {
				ALWAYS_EMBED_SWIFT_STANDARD_LIBRARIES = YES;
				CODE_SIGN_STYLE = Automatic;
				CURRENT_PROJECT_VERSION = 1;
				DEVELOPMENT_TEAM = MC4UAQDQFT;
				GENERATE_INFOPLIST_FILE = YES;
				MARKETING_VERSION = 1.0;
				PRODUCT_BUNDLE_IDENTIFIER = nhadv.DataSourceTests;
				PRODUCT_NAME = "$(TARGET_NAME)";
				SWIFT_EMIT_LOC_STRINGS = NO;
				SWIFT_VERSION = 5.0;
				TARGETED_DEVICE_FAMILY = "1,2";
				TEST_HOST = "$(BUILT_PRODUCTS_DIR)/Custom-NetWorking.app/$(BUNDLE_EXECUTABLE_FOLDER_PATH)/Custom-NetWorking";
			};
			name = Debug;
		};
		D089F1EE2B52FC07000507A7 /* Release */ = {
			isa = XCBuildConfiguration;
			buildSettings = {
				ALWAYS_EMBED_SWIFT_STANDARD_LIBRARIES = YES;
				CODE_SIGN_STYLE = Automatic;
				CURRENT_PROJECT_VERSION = 1;
				DEVELOPMENT_TEAM = MC4UAQDQFT;
				GENERATE_INFOPLIST_FILE = YES;
				MARKETING_VERSION = 1.0;
				PRODUCT_BUNDLE_IDENTIFIER = nhadv.DataSourceTests;
				PRODUCT_NAME = "$(TARGET_NAME)";
				SWIFT_EMIT_LOC_STRINGS = NO;
				SWIFT_VERSION = 5.0;
				TARGETED_DEVICE_FAMILY = "1,2";
				TEST_HOST = "$(BUILT_PRODUCTS_DIR)/Custom-NetWorking.app/$(BUNDLE_EXECUTABLE_FOLDER_PATH)/Custom-NetWorking";
			};
			name = Release;
		};
/* End XCBuildConfiguration section */

/* Begin XCConfigurationList section */
		D089F1982B52F706000507A7 /* Build configuration list for PBXProject "Custom-NetWorking" */ = {
			isa = XCConfigurationList;
			buildConfigurations = (
				D089F1C52B52F708000507A7 /* Debug */,
				D089F1C62B52F708000507A7 /* Release */,
			);
			defaultConfigurationIsVisible = 0;
			defaultConfigurationName = Release;
		};
		D089F1C72B52F708000507A7 /* Build configuration list for PBXNativeTarget "Custom-NetWorking" */ = {
			isa = XCConfigurationList;
			buildConfigurations = (
				D089F1C82B52F708000507A7 /* Debug */,
				D089F1C92B52F708000507A7 /* Release */,
			);
			defaultConfigurationIsVisible = 0;
			defaultConfigurationName = Release;
		};
		D089F1CA2B52F708000507A7 /* Build configuration list for PBXNativeTarget "Custom-NetWorkingTests" */ = {
			isa = XCConfigurationList;
			buildConfigurations = (
				D089F1CB2B52F708000507A7 /* Debug */,
				D089F1CC2B52F708000507A7 /* Release */,
			);
			defaultConfigurationIsVisible = 0;
			defaultConfigurationName = Release;
		};
		D089F1CD2B52F708000507A7 /* Build configuration list for PBXNativeTarget "Custom-NetWorkingUITests" */ = {
			isa = XCConfigurationList;
			buildConfigurations = (
				D089F1CE2B52F708000507A7 /* Debug */,
				D089F1CF2B52F708000507A7 /* Release */,
			);
			defaultConfigurationIsVisible = 0;
			defaultConfigurationName = Release;
		};
		D089F1EF2B52FC07000507A7 /* Build configuration list for PBXNativeTarget "DataSource" */ = {
			isa = XCConfigurationList;
			buildConfigurations = (
				D089F1EB2B52FC07000507A7 /* Debug */,
				D089F1EC2B52FC07000507A7 /* Release */,
			);
			defaultConfigurationIsVisible = 0;
			defaultConfigurationName = Release;
		};
		D089F1F02B52FC07000507A7 /* Build configuration list for PBXNativeTarget "DataSourceTests" */ = {
			isa = XCConfigurationList;
			buildConfigurations = (
				D089F1ED2B52FC07000507A7 /* Debug */,
				D089F1EE2B52FC07000507A7 /* Release */,
			);
			defaultConfigurationIsVisible = 0;
			defaultConfigurationName = Release;
		};
/* End XCConfigurationList section */
	};
	rootObject = D089F1952B52F706000507A7 /* Project object */;
}
